
Microsoft Visual Studio Solution File, Format Version 12.00
# Visual Studio 14
VisualStudioVersion = 14.0.23107.0
MinimumVisualStudioVersion = 10.0.40219.1
Project("{F2A71F9B-5D33-465A-A702-920D77279786}") = "TCPSocketPracticeServer", "SocketPractice\TCPSocketPracticeServer.fsproj", "{E35D24CF-4949-4DFA-BE8D-96CAF4FF3987}"
EndProject
Project("{F2A71F9B-5D33-465A-A702-920D77279786}") = "TCPSocketPracticeClient", "SocketPracticeClient\TCPSocketPracticeClient.fsproj", "{4C6586C0-A205-4D85-B1F5-4AB930931078}"
EndProject
Project("{F2A71F9B-5D33-465A-A702-920D77279786}") = "UDPSocketPracticeServer", "UDPSocketPracticeServer\UDPSocketPracticeServer.fsproj", "{977CFCB8-F719-440C-AAC8-462E6FD7FAE2}"
EndProject
Project("{F2A71F9B-5D33-465A-A702-920D77279786}") = "UDPSocketPracticeClient", "UDPSocketPracticeClient\UDPSocketPracticeClient.fsproj", "{720FC6E7-84AF-4A76-94E4-7FE7C1082DBA}"
EndProject
Global
	GlobalSection(SolutionConfigurationPlatforms) = preSolution
		Debug|Any CPU = Debug|Any CPU
		Release|Any CPU = Release|Any CPU
	EndGlobalSection
	GlobalSection(ProjectConfigurationPlatforms) = postSolution
		{E35D24CF-4949-4DFA-BE8D-96CAF4FF3987}.Debug|Any CPU.ActiveCfg = Debug|Any CPU
		{E35D24CF-4949-4DFA-BE8D-96CAF4FF3987}.Debug|Any CPU.Build.0 = Debug|Any CPU
		{E35D24CF-4949-4DFA-BE8D-96CAF4FF3987}.Release|Any CPU.ActiveCfg = Release|Any CPU
		{E35D24CF-4949-4DFA-BE8D-96CAF4FF3987}.Release|Any CPU.Build.0 = Release|Any CPU
		{4C6586C0-A205-4D85-B1F5-4AB930931078}.Debug|Any CPU.ActiveCfg = Debug|Any CPU
		{4C6586C0-A205-4D85-B1F5-4AB930931078}.Debug|Any CPU.Build.0 = Debug|Any CPU
		{4C6586C0-A205-4D85-B1F5-4AB930931078}.Release|Any CPU.ActiveCfg = Release|Any CPU
		{4C6586C0-A205-4D85-B1F5-4AB930931078}.Release|Any CPU.Build.0 = Release|Any CPU
		{977CFCB8-F719-440C-AAC8-462E6FD7FAE2}.Debug|Any CPU.ActiveCfg = Debug|Any CPU
		{977CFCB8-F719-440C-AAC8-462E6FD7FAE2}.Debug|Any CPU.Build.0 = Debug|Any CPU
		{977CFCB8-F719-440C-AAC8-462E6FD7FAE2}.Release|Any CPU.ActiveCfg = Release|Any CPU
		{977CFCB8-F719-440C-AAC8-462E6FD7FAE2}.Release|Any CPU.Build.0 = Release|Any CPU
		{720FC6E7-84AF-4A76-94E4-7FE7C1082DBA}.Debug|Any CPU.ActiveCfg = Debug|Any CPU
		{720FC6E7-84AF-4A76-94E4-7FE7C1082DBA}.Debug|Any CPU.Build.0 = Debug|Any CPU
		{720FC6E7-84AF-4A76-94E4-7FE7C1082DBA}.Release|Any CPU.ActiveCfg = Release|Any CPU
		{720FC6E7-84AF-4A76-94E4-7FE7C1082DBA}.Release|Any CPU.Build.0 = Release|Any CPU
	EndGlobalSection
	GlobalSection(SolutionProperties) = preSolution
		HideSolutionNode = FALSE
	EndGlobalSection
EndGlobal
